Microsoft Visual Studio Solution File, Format Version 12.00
# Visual Studio 2012
Project("{FAE04EC0-301F-11D3-BF4B-00C04F79EFBC}") = "Server Launcher", "Server Launcher.csproj", "{FD2392FB-99FD-479A-ACCC-192C6F3253EF}"
EndProject
Global
	GlobalSection(SolutionConfigurationPlatforms) = preSolution
	Debug|Any CPU = Debug|Any CPU
	ExportDebug|Any CPU = ExportDebug|Any CPU
	ExportRelease|Any CPU = ExportRelease|Any CPU
	EndGlobalSection
	GlobalSection(ProjectConfigurationPlatforms) = postSolution
		{FD2392FB-99FD-479A-ACCC-192C6F3253EF}.Debug|Any CPU.ActiveCfg = Debug|Any CPU
		{FD2392FB-99FD-479A-ACCC-192C6F3253EF}.Debug|Any CPU.Build.0 = Debug|Any CPU
		{FD2392FB-99FD-479A-ACCC-192C6F3253EF}.ExportDebug|Any CPU.ActiveCfg = ExportDebug|Any CPU
		{FD2392FB-99FD-479A-ACCC-192C6F3253EF}.ExportDebug|Any CPU.Build.0 = ExportDebug|Any CPU
		{FD2392FB-99FD-479A-ACCC-192C6F3253EF}.ExportRelease|Any CPU.ActiveCfg = ExportRelease|Any CPU
		{FD2392FB-99FD-479A-ACCC-192C6F3253EF}.ExportRelease|Any CPU.Build.0 = ExportRelease|Any CPU
	EndGlobalSection
EndGlobal
